
Microsoft Visual Studio Solution File, Format Version 12.00
# Visual Studio Version 16
VisualStudioVersion = 16.0.31702.278
MinimumVisualStudioVersion = 10.0.40219.1
Project("{FAE04EC0-301F-11D3-BF4B-00C04F79EFBC}") = "Emlak.DataAccess", "Emlak.DataAccess\Emlak.DataAccess.csproj", "{D93ECB59-65EE-4B02-8110-C158FEA0F906}"
EndProject
Project("{FAE04EC0-301F-11D3-BF4B-00C04F79EFBC}") = "Emlak.Business", "Emlak.Business\Emlak.Business.csproj", "{187C23C2-1BD2-4F7B-9B65-3B9418CDFCE4}"
EndProject
Project("{FAE04EC0-301F-11D3-BF4B-00C04F79EFBC}") = "Emlak.Web", "Emlak.Web\Emlak.Web.csproj", "{46BB24C4-53DF-4C6C-B42B-A8A367D4218A}"
EndProject
Global
	GlobalSection(SolutionConfigurationPlatforms) = preSolution
		Debug|Any CPU = Debug|Any CPU
		Release|Any CPU = Release|Any CPU
	EndGlobalSection
	GlobalSection(ProjectConfigurationPlatforms) = postSolution
		{D93ECB59-65EE-4B02-8110-C158FEA0F906}.Debug|Any CPU.ActiveCfg = Debug|Any CPU
		{D93ECB59-65EE-4B02-8110-C158FEA0F906}.Debug|Any CPU.Build.0 = Debug|Any CPU
		{D93ECB59-65EE-4B02-8110-C158FEA0F906}.Release|Any CPU.ActiveCfg = Release|Any CPU
		{D93ECB59-65EE-4B02-8110-C158FEA0F906}.Release|Any CPU.Build.0 = Release|Any CPU
		{187C23C2-1BD2-4F7B-9B65-3B9418CDFCE4}.Debug|Any CPU.ActiveCfg = Debug|Any CPU
		{187C23C2-1BD2-4F7B-9B65-3B9418CDFCE4}.Debug|Any CPU.Build.0 = Debug|Any CPU
		{187C23C2-1BD2-4F7B-9B65-3B9418CDFCE4}.Release|Any CPU.ActiveCfg = Release|Any CPU
		{187C23C2-1BD2-4F7B-9B65-3B9418CDFCE4}.Release|Any CPU.Build.0 = Release|Any CPU
		{46BB24C4-53DF-4C6C-B42B-A8A367D4218A}.Debug|Any CPU.ActiveCfg = Debug|Any CPU
		{46BB24C4-53DF-4C6C-B42B-A8A367D4218A}.Debug|Any CPU.Build.0 = Debug|Any CPU
		{46BB24C4-53DF-4C6C-B42B-A8A367D4218A}.Release|Any CPU.ActiveCfg = Release|Any CPU
		{46BB24C4-53DF-4C6C-B42B-A8A367D4218A}.Release|Any CPU.Build.0 = Release|Any CPU
	EndGlobalSection
	GlobalSection(SolutionProperties) = preSolution
		HideSolutionNode = FALSE
	EndGlobalSection
	GlobalSection(ExtensibilityGlobals) = postSolution
		SolutionGuid = {AB95E761-6C5B-4BAE-911B-62D83B9E9BB7}
	EndGlobalSection
EndGlobal
